// !$*UTF8*$!
{
	archiveVersion = 1;
	classes = {
	};
	objectVersion = 56;
	objects = {

/* Begin PBXBuildFile section */
		8DB02CDD2B11D95700D1817D /* ButtonUI.swift in Sources */ = {isa = PBXBuildFile; fileRef = 8DB02CDC2B11D95700D1817D /* ButtonUI.swift */; };
		8DD460592B119BB300F8A034 /* LoadingView.swift in Sources */ = {isa = PBXBuildFile; fileRef = 8DD460582B119BB300F8A034 /* LoadingView.swift */; };
		8DE96A192B1029CC001692E4 /* NumericalCMPTApp.swift in Sources */ = {isa = PBXBuildFile; fileRef = 8DE96A182B1029CC001692E4 /* NumericalCMPTApp.swift */; };
		8DE96A1B2B1029CC001692E4 /* ContentView.swift in Sources */ = {isa = PBXBuildFile; fileRef = 8DE96A1A2B1029CC001692E4 /* ContentView.swift */; };
		8DE96A1D2B1029CE001692E4 /* Assets.xcassets in Resources */ = {isa = PBXBuildFile; fileRef = 8DE96A1C2B1029CE001692E4 /* Assets.xcassets */; };
		8DE96A202B1029CE001692E4 /* Preview Assets.xcassets in Resources */ = {isa = PBXBuildFile; fileRef = 8DE96A1F2B1029CE001692E4 /* Preview Assets.xcassets */; };
		8DE96A2A2B1029CE001692E4 /* NumericalCMPTTests.swift in Sources */ = {isa = PBXBuildFile; fileRef = 8DE96A292B1029CE001692E4 /* NumericalCMPTTests.swift */; };
		8DE96A342B1029CE001692E4 /* NumericalCMPTUITests.swift in Sources */ = {isa = PBXBuildFile; fileRef = 8DE96A332B1029CE001692E4 /* NumericalCMPTUITests.swift */; };
		8DE96A362B1029CE001692E4 /* NumericalCMPTUITestsLaunchTests.swift in Sources */ = {isa = PBXBuildFile; fileRef = 8DE96A352B1029CE001692E4 /* NumericalCMPTUITestsLaunchTests.swift */; };
		8DE96A452B1126A0001692E4 /* CircleImage.swift in Sources */ = {isa = PBXBuildFile; fileRef = 8DE96A442B1126A0001692E4 /* CircleImage.swift */; };
		B98FC6542B229EB400BB158A /* test.cpp in Sources */ = {isa = PBXBuildFile; fileRef = B98FC6522B229EB400BB158A /* test.cpp */; };
		B98FC65C2B22A67900BB158A /* testwrapper.mm in Sources */ = {isa = PBXBuildFile; fileRef = B98FC65B2B22A67900BB158A /* testwrapper.mm */; };
/* End PBXBuildFile section */

/* Begin PBXContainerItemProxy section */
		8DE96A262B1029CE001692E4 /* PBXContainerItemProxy */ = {
			isa = PBXContainerItemProxy;
			containerPortal = 8DE96A0D2B1029CC001692E4 /* Project object */;
			proxyType = 1;
			remoteGlobalIDString = 8DE96A142B1029CC001692E4;
			remoteInfo = NumericalCMPT;
		};
		8DE96A302B1029CE001692E4 /* PBXContainerItemProxy */ = {
			isa = PBXContainerItemProxy;
			containerPortal = 8DE96A0D2B1029CC001692E4 /* Project object */;
			proxyType = 1;
			remoteGlobalIDString = 8DE96A142B1029CC001692E4;
			remoteInfo = NumericalCMPT;
		};
/* End PBXContainerItemProxy section */

/* Begin PBXCopyFilesBuildPhase section */
		B954978F2B1D537500816138 /* Embed Frameworks */ = {
			isa = PBXCopyFilesBuildPhase;
			buildActionMask = 2147483647;
			dstPath = "";
			dstSubfolderSpec = 10;
			files = (
			);
			name = "Embed Frameworks";
			runOnlyForDeploymentPostprocessing = 0;
		};
/* End PBXCopyFilesBuildPhase section */

/* Begin PBXFileReference section */
		8DB02CDC2B11D95700D1817D /* ButtonUI.swift */ = {isa = PBXFileReference; lastKnownFileType = sourcecode.swift; path = ButtonUI.swift; sourceTree = "<group>"; };
		8DD460582B119BB300F8A034 /* LoadingView.swift */ = {isa = PBXFileReference; lastKnownFileType = sourcecode.swift; path = LoadingView.swift; sourceTree = "<group>"; };
		8DE96A152B1029CC001692E4 /* NumericalCMPT.app */ = {isa = PBXFileReference; explicitFileType = wrapper.application; includeInIndex = 0; path = NumericalCMPT.app; sourceTree = BUILT_PRODUCTS_DIR; };
		8DE96A182B1029CC001692E4 /* NumericalCMPTApp.swift */ = {isa = PBXFileReference; lastKnownFileType = sourcecode.swift; path = NumericalCMPTApp.swift; sourceTree = "<group>"; };
		8DE96A1A2B1029CC001692E4 /* ContentView.swift */ = {isa = PBXFileReference; lastKnownFileType = sourcecode.swift; path = ContentView.swift; sourceTree = "<group>"; };
		8DE96A1C2B1029CE001692E4 /* Assets.xcassets */ = {isa = PBXFileReference; lastKnownFileType = folder.assetcatalog; path = Assets.xcassets; sourceTree = "<group>"; };
		8DE96A1F2B1029CE001692E4 /* Preview Assets.xcassets */ = {isa = PBXFileReference; lastKnownFileType = folder.assetcatalog; path = "Preview Assets.xcassets"; sourceTree = "<group>"; };
		8DE96A252B1029CE001692E4 /* NumericalCMPTTests.xctest */ = {isa = PBXFileReference; explicitFileType = wrapper.cfbundle; includeInIndex = 0; path = NumericalCMPTTests.xctest; sourceTree = BUILT_PRODUCTS_DIR; };
		8DE96A292B1029CE001692E4 /* NumericalCMPTTests.swift */ = {isa = PBXFileReference; lastKnownFileType = sourcecode.swift; path = NumericalCMPTTests.swift; sourceTree = "<group>"; };
		8DE96A2F2B1029CE001692E4 /* NumericalCMPTUITests.xctest */ = {isa = PBXFileReference; explicitFileType = wrapper.cfbundle; includeInIndex = 0; path = NumericalCMPTUITests.xctest; sourceTree = BUILT_PRODUCTS_DIR; };
		8DE96A332B1029CE001692E4 /* NumericalCMPTUITests.swift */ = {isa = PBXFileReference; lastKnownFileType = sourcecode.swift; path = NumericalCMPTUITests.swift; sourceTree = "<group>"; };
		8DE96A352B1029CE001692E4 /* NumericalCMPTUITestsLaunchTests.swift */ = {isa = PBXFileReference; lastKnownFileType = sourcecode.swift; path = NumericalCMPTUITestsLaunchTests.swift; sourceTree = "<group>"; };
		8DE96A442B1126A0001692E4 /* CircleImage.swift */ = {isa = PBXFileReference; lastKnownFileType = sourcecode.swift; path = CircleImage.swift; sourceTree = "<group>"; };
		B98FC6522B229EB400BB158A /* test.cpp */ = {isa = PBXFileReference; lastKnownFileType = sourcecode.cpp.cpp; path = test.cpp; sourceTree = "<group>"; };
		B98FC6532B229EB400BB158A /* test.hpp */ = {isa = PBXFileReference; lastKnownFileType = sourcecode.cpp.h; path = test.hpp; sourceTree = "<group>"; };
		B98FC6592B22A26400BB158A /* testwrapper.h */ = {isa = PBXFileReference; lastKnownFileType = sourcecode.c.h; path = testwrapper.h; sourceTree = "<group>"; };
		B98FC65A2B22A37200BB158A /* NumericalCMPT-Bridging-Header.h */ = {isa = PBXFileReference; lastKnownFileType = sourcecode.c.h; path = "NumericalCMPT-Bridging-Header.h"; sourceTree = "<group>"; };
		B98FC65B2B22A67900BB158A /* testwrapper.mm */ = {isa = PBXFileReference; fileEncoding = 4; lastKnownFileType = sourcecode.cpp.objcpp; path = testwrapper.mm; sourceTree = "<group>"; };
/* End PBXFileReference section */

/* Begin PBXFrameworksBuildPhase section */
		8DE96A122B1029CC001692E4 /* Frameworks */ = {
			isa = PBXFrameworksBuildPhase;
			buildActionMask = 2147483647;
			files = (
			);
			runOnlyForDeploymentPostprocessing = 0;
		};
		8DE96A222B1029CE001692E4 /* Frameworks */ = {
			isa = PBXFrameworksBuildPhase;
			buildActionMask = 2147483647;
			files = (
			);
			runOnlyForDeploymentPostprocessing = 0;
		};
		8DE96A2C2B1029CE001692E4 /* Frameworks */ = {
			isa = PBXFrameworksBuildPhase;
			buildActionMask = 2147483647;
			files = (
			);
			runOnlyForDeploymentPostprocessing = 0;
		};
/* End PBXFrameworksBuildPhase section */

/* Begin PBXGroup section */
		8DE96A0C2B1029CC001692E4 = {
			isa = PBXGroup;
			children = (
				8DE96A172B1029CC001692E4 /* NumericalCMPT */,
				8DE96A282B1029CE001692E4 /* NumericalCMPTTests */,
				8DE96A322B1029CE001692E4 /* NumericalCMPTUITests */,
				8DE96A162B1029CC001692E4 /* Products */,
			);
			sourceTree = "<group>";
		};
		8DE96A162B1029CC001692E4 /* Products */ = {
			isa = PBXGroup;
			children = (
				8DE96A152B1029CC001692E4 /* NumericalCMPT.app */,
				8DE96A252B1029CE001692E4 /* NumericalCMPTTests.xctest */,
				8DE96A2F2B1029CE001692E4 /* NumericalCMPTUITests.xctest */,
			);
			name = Products;
			sourceTree = "<group>";
		};
		8DE96A172B1029CC001692E4 /* NumericalCMPT */ = {
			isa = PBXGroup;
			children = (
				8DE96A182B1029CC001692E4 /* NumericalCMPTApp.swift */,
				8DE96A442B1126A0001692E4 /* CircleImage.swift */,
				8DE96A1A2B1029CC001692E4 /* ContentView.swift */,
				8DD460582B119BB300F8A034 /* LoadingView.swift */,
				8DB02CDC2B11D95700D1817D /* ButtonUI.swift */,
				B98FC6522B229EB400BB158A /* test.cpp */,
				B98FC65B2B22A67900BB158A /* testwrapper.mm */,
				B98FC65A2B22A37200BB158A /* NumericalCMPT-Bridging-Header.h */,
				B98FC6592B22A26400BB158A /* testwrapper.h */,
				B98FC6532B229EB400BB158A /* test.hpp */,
				8DE96A1C2B1029CE001692E4 /* Assets.xcassets */,
				8DE96A1E2B1029CE001692E4 /* Preview Content */,
			);
			path = NumericalCMPT;
			sourceTree = "<group>";
		};
		8DE96A1E2B1029CE001692E4 /* Preview Content */ = {
			isa = PBXGroup;
			children = (
				8DE96A1F2B1029CE001692E4 /* Preview Assets.xcassets */,
			);
			path = "Preview Content";
			sourceTree = "<group>";
		};
		8DE96A282B1029CE001692E4 /* NumericalCMPTTests */ = {
			isa = PBXGroup;
			children = (
				8DE96A292B1029CE001692E4 /* NumericalCMPTTests.swift */,
			);
			path = NumericalCMPTTests;
			sourceTree = "<group>";
		};
		8DE96A322B1029CE001692E4 /* NumericalCMPTUITests */ = {
			isa = PBXGroup;
			children = (
				8DE96A332B1029CE001692E4 /* NumericalCMPTUITests.swift */,
				8DE96A352B1029CE001692E4 /* NumericalCMPTUITestsLaunchTests.swift */,
			);
			path = NumericalCMPTUITests;
			sourceTree = "<group>";
		};
/* End PBXGroup section */

/* Begin PBXNativeTarget section */
		8DE96A142B1029CC001692E4 /* NumericalCMPT */ = {
			isa = PBXNativeTarget;
			buildConfigurationList = 8DE96A392B1029CE001692E4 /* Build configuration list for PBXNativeTarget "NumericalCMPT" */;
			buildPhases = (
				8DE96A112B1029CC001692E4 /* Sources */,
				8DE96A122B1029CC001692E4 /* Frameworks */,
				8DE96A132B1029CC001692E4 /* Resources */,
				B954978F2B1D537500816138 /* Embed Frameworks */,
			);
			buildRules = (
			);
			dependencies = (
			);
			name = NumericalCMPT;
			productName = NumericalCMPT;
			productReference = 8DE96A152B1029CC001692E4 /* NumericalCMPT.app */;
			productType = "com.apple.product-type.application";
		};
		8DE96A242B1029CE001692E4 /* NumericalCMPTTests */ = {
			isa = PBXNativeTarget;
			buildConfigurationList = 8DE96A3C2B1029CE001692E4 /* Build configuration list for PBXNativeTarget "NumericalCMPTTests" */;
			buildPhases = (
				8DE96A212B1029CE001692E4 /* Sources */,
				8DE96A222B1029CE001692E4 /* Frameworks */,
				8DE96A232B1029CE001692E4 /* Resources */,
			);
			buildRules = (
			);
			dependencies = (
				8DE96A272B1029CE001692E4 /* PBXTargetDependency */,
			);
			name = NumericalCMPTTests;
			productName = NumericalCMPTTests;
			productReference = 8DE96A252B1029CE001692E4 /* NumericalCMPTTests.xctest */;
			productType = "com.apple.product-type.bundle.unit-test";
		};
		8DE96A2E2B1029CE001692E4 /* NumericalCMPTUITests */ = {
			isa = PBXNativeTarget;
			buildConfigurationList = 8DE96A3F2B1029CE001692E4 /* Build configuration list for PBXNativeTarget "NumericalCMPTUITests" */;
			buildPhases = (
				8DE96A2B2B1029CE001692E4 /* Sources */,
				8DE96A2C2B1029CE001692E4 /* Frameworks */,
				8DE96A2D2B1029CE001692E4 /* Resources */,
			);
			buildRules = (
			);
			dependencies = (
				8DE96A312B1029CE001692E4 /* PBXTargetDependency */,
			);
			name = NumericalCMPTUITests;
			productName = NumericalCMPTUITests;
			productReference = 8DE96A2F2B1029CE001692E4 /* NumericalCMPTUITests.xctest */;
			productType = "com.apple.product-type.bundle.ui-testing";
		};
/* End PBXNativeTarget section */

/* Begin PBXProject section */
		8DE96A0D2B1029CC001692E4 /* Project object */ = {
			isa = PBXProject;
			attributes = {
				BuildIndependentTargetsInParallel = 1;
				LastSwiftUpdateCheck = 1500;
				LastUpgradeCheck = 1500;
				TargetAttributes = {
					8DE96A142B1029CC001692E4 = {
						CreatedOnToolsVersion = 15.0;
						LastSwiftMigration = 1500;
					};
					8DE96A242B1029CE001692E4 = {
						CreatedOnToolsVersion = 15.0;
						TestTargetID = 8DE96A142B1029CC001692E4;
					};
					8DE96A2E2B1029CE001692E4 = {
						CreatedOnToolsVersion = 15.0;
						TestTargetID = 8DE96A142B1029CC001692E4;
					};
				};
			};
			buildConfigurationList = 8DE96A102B1029CC001692E4 /* Build configuration list for PBXProject "NumericalCMPT" */;
			compatibilityVersion = "Xcode 14.0";
			developmentRegion = en;
			hasScannedForEncodings = 0;
			knownRegions = (
				en,
				Base,
			);
			mainGroup = 8DE96A0C2B1029CC001692E4;
			productRefGroup = 8DE96A162B1029CC001692E4 /* Products */;
			projectDirPath = "";
			projectRoot = "";
			targets = (
				8DE96A142B1029CC001692E4 /* NumericalCMPT */,
				8DE96A242B1029CE001692E4 /* NumericalCMPTTests */,
				8DE96A2E2B1029CE001692E4 /* NumericalCMPTUITests */,
			);
		};
/* End PBXProject section */

/* Begin PBXResourcesBuildPhase section */
		8DE96A132B1029CC001692E4 /* Resources */ = {
			isa = PBXResourcesBuildPhase;
			buildActionMask = 2147483647;
			files = (
				8DE96A202B1029CE001692E4 /* Preview Assets.xcassets in Resources */,
				8DE96A1D2B1029CE001692E4 /* Assets.xcassets in Resources */,
			);
			runOnlyForDeploymentPostprocessing = 0;
		};
		8DE96A232B1029CE001692E4 /* Resources */ = {
			isa = PBXResourcesBuildPhase;
			buildActionMask = 2147483647;
			files = (
			);
			runOnlyForDeploymentPostprocessing = 0;
		};
		8DE96A2D2B1029CE001692E4 /* Resources */ = {
			isa = PBXResourcesBuildPhase;
			buildActionMask = 2147483647;
			files = (
			);
			runOnlyForDeploymentPostprocessing = 0;
		};
/* End PBXResourcesBuildPhase section */

/* Begin PBXSourcesBuildPhase section */
		8DE96A112B1029CC001692E4 /* Sources */ = {
			isa = PBXSourcesBuildPhase;
			buildActionMask = 2147483647;
			files = (
				8DE96A1B2B1029CC001692E4 /* ContentView.swift in Sources */,
				8DE96A452B1126A0001692E4 /* CircleImage.swift in Sources */,
				8DD460592B119BB300F8A034 /* LoadingView.swift in Sources */,
				8DE96A192B1029CC001692E4 /* NumericalCMPTApp.swift in Sources */,
				8DB02CDD2B11D95700D1817D /* ButtonUI.swift in Sources */,
				B98FC6542B229EB400BB158A /* test.cpp in Sources */,
				B98FC65C2B22A67900BB158A /* testwrapper.mm in Sources */,
			);
			runOnlyForDeploymentPostprocessing = 0;
		};
		8DE96A212B1029CE001692E4 /* Sources */ = {
			isa = PBXSourcesBuildPhase;
			buildActionMask = 2147483647;
			files = (
				8DE96A2A2B1029CE001692E4 /* NumericalCMPTTests.swift in Sources */,
			);
			runOnlyForDeploymentPostprocessing = 0;
		};
		8DE96A2B2B1029CE001692E4 /* Sources */ = {
			isa = PBXSourcesBuildPhase;
			buildActionMask = 2147483647;
			files = (
				8DE96A342B1029CE001692E4 /* NumericalCMPTUITests.swift in Sources */,
				8DE96A362B1029CE001692E4 /* NumericalCMPTUITestsLaunchTests.swift in Sources */,
			);
			runOnlyForDeploymentPostprocessing = 0;
		};
/* End PBXSourcesBuildPhase section */

/* Begin PBXTargetDependency section */
		8DE96A272B1029CE001692E4 /* PBXTargetDependency */ = {
			isa = PBXTargetDependency;
			target = 8DE96A142B1029CC001692E4 /* NumericalCMPT */;
			targetProxy = 8DE96A262B1029CE001692E4 /* PBXContainerItemProxy */;
		};
		8DE96A312B1029CE001692E4 /* PBXTargetDependency */ = {
			isa = PBXTargetDependency;
			target = 8DE96A142B1029CC001692E4 /* NumericalCMPT */;
			targetProxy = 8DE96A302B1029CE001692E4 /* PBXContainerItemProxy */;
		};
/* End PBXTargetDependency section */

/* Begin XCBuildConfiguration section */
		8DE96A372B1029CE001692E4 /* Debug */ = {
			isa = XCBuildConfiguration;
			buildSettings = {
				ALWAYS_SEARCH_USER_PATHS = NO;
				ASSETCATALOG_COMPILER_GENERATE_SWIFT_ASSET_SYMBOL_EXTENSIONS = YES;
				CLANG_ANALYZER_NONNULL = YES;
				CLANG_ANALYZER_NUMBER_OBJECT_CONVERSION = YES_AGGRESSIVE;
				CLANG_CXX_LANGUAGE_STANDARD = "gnu++20";
				CLANG_ENABLE_MODULES = YES;
				CLANG_ENABLE_OBJC_ARC = YES;
				CLANG_ENABLE_OBJC_WEAK = YES;
				CLANG_WARN_BLOCK_CAPTURE_AUTORELEASING = YES;
				CLANG_WARN_BOOL_CONVERSION = YES;
				CLANG_WARN_COMMA = YES;
				CLANG_WARN_CONSTANT_CONVERSION = YES;
				CLANG_WARN_DEPRECATED_OBJC_IMPLEMENTATIONS = YES;
				CLANG_WARN_DIRECT_OBJC_ISA_USAGE = YES_ERROR;
				CLANG_WARN_DOCUMENTATION_COMMENTS = YES;
				CLANG_WARN_EMPTY_BODY = YES;
				CLANG_WARN_ENUM_CONVERSION = YES;
				CLANG_WARN_INFINITE_RECURSION = YES;
				CLANG_WARN_INT_CONVERSION = YES;
				CLANG_WARN_NON_LITERAL_NULL_CONVERSION = YES;
				CLANG_WARN_OBJC_IMPLICIT_RETAIN_SELF = YES;
				CLANG_WARN_OBJC_LITERAL_CONVERSION = YES;
				CLANG_WARN_OBJC_ROOT_CLASS = YES_ERROR;
				CLANG_WARN_QUOTED_INCLUDE_IN_FRAMEWORK_HEADER = YES;
				CLANG_WARN_RANGE_LOOP_ANALYSIS = YES;
				CLANG_WARN_STRICT_PROTOTYPES = YES;
				CLANG_WARN_SUSPICIOUS_MOVE = YES;
				CLANG_WARN_UNGUARDED_AVAILABILITY = YES_AGGRESSIVE;
				CLANG_WARN_UNREACHABLE_CODE = YES;
				CLANG_WARN__DUPLICATE_METHOD_MATCH = YES;
				COPY_PHASE_STRIP = NO;
				DEBUG_INFORMATION_FORMAT = dwarf;
				ENABLE_STRICT_OBJC_MSGSEND = YES;
				ENABLE_TESTABILITY = YES;
				ENABLE_USER_SCRIPT_SANDBOXING = YES;
				GCC_C_LANGUAGE_STANDARD = gnu17;
				GCC_DYNAMIC_NO_PIC = NO;
				GCC_NO_COMMON_BLOCKS = YES;
				GCC_OPTIMIZATION_LEVEL = 0;
				GCC_PREPROCESSOR_DEFINITIONS = (
					"DEBUG=1",
					"$(inherited)",
				);
				GCC_WARN_64_TO_32_BIT_CONVERSION = YES;
				GCC_WARN_ABOUT_RETURN_TYPE = YES_ERROR;
				GCC_WARN_UNDECLARED_SELECTOR = YES;
				GCC_WARN_UNINITIALIZED_AUTOS = YES_AGGRESSIVE;
				GCC_WARN_UNUSED_FUNCTION = YES;
				GCC_WARN_UNUSED_VARIABLE = YES;
				IPHONEOS_DEPLOYMENT_TARGET = 17.0;
				LOCALIZATION_PREFERS_STRING_CATALOGS = YES;
				MTL_ENABLE_DEBUG_INFO = INCLUDE_SOURCE;
				MTL_FAST_MATH = YES;
				ONLY_ACTIVE_ARCH = YES;
				SDKROOT = iphoneos;
				SWIFT_ACTIVE_COMPILATION_CONDITIONS = "DEBUG $(inherited)";
				SWIFT_OPTIMIZATION_LEVEL = "-Onone";
			};
			name = Debug;
		};
		8DE96A382B1029CE001692E4 /* Release */ = {
			isa = XCBuildConfiguration;
			buildSettings = {
				ALWAYS_SEARCH_USER_PATHS = NO;
				ASSETCATALOG_COMPILER_GENERATE_SWIFT_ASSET_SYMBOL_EXTENSIONS = YES;
				CLANG_ANALYZER_NONNULL = YES;
				CLANG_ANALYZER_NUMBER_OBJECT_CONVERSION = YES_AGGRESSIVE;
				CLANG_CXX_LANGUAGE_STANDARD = "gnu++20";
				CLANG_ENABLE_MODULES = YES;
				CLANG_ENABLE_OBJC_ARC = YES;
				CLANG_ENABLE_OBJC_WEAK = YES;
				CLANG_WARN_BLOCK_CAPTURE_AUTORELEASING = YES;
				CLANG_WARN_BOOL_CONVERSION = YES;
				CLANG_WARN_COMMA = YES;
				CLANG_WARN_CONSTANT_CONVERSION = YES;
				CLANG_WARN_DEPRECATED_OBJC_IMPLEMENTATIONS = YES;
				CLANG_WARN_DIRECT_OBJC_ISA_USAGE = YES_ERROR;
				CLANG_WARN_DOCUMENTATION_COMMENTS = YES;
				CLANG_WARN_EMPTY_BODY = YES;
				CLANG_WARN_ENUM_CONVERSION = YES;
				CLANG_WARN_INFINITE_RECURSION = YES;
				CLANG_WARN_INT_CONVERSION = YES;
				CLANG_WARN_NON_LITERAL_NULL_CONVERSION = YES;
				CLANG_WARN_OBJC_IMPLICIT_RETAIN_SELF = YES;
				CLANG_WARN_OBJC_LITERAL_CONVERSION = YES;
				CLANG_WARN_OBJC_ROOT_CLASS = YES_ERROR;
				CLANG_WARN_QUOTED_INCLUDE_IN_FRAMEWORK_HEADER = YES;
				CLANG_WARN_RANGE_LOOP_ANALYSIS = YES;
				CLANG_WARN_STRICT_PROTOTYPES = YES;
				CLANG_WARN_SUSPICIOUS_MOVE = YES;
				CLANG_WARN_UNGUARDED_AVAILABILITY = YES_AGGRESSIVE;
				CLANG_WARN_UNREACHABLE_CODE = YES;
				CLANG_WARN__DUPLICATE_METHOD_MATCH = YES;
				COPY_PHASE_STRIP = NO;
				DEBUG_INFORMATION_FORMAT = "dwarf-with-dsym";
				ENABLE_NS_ASSERTIONS = NO;
				ENABLE_STRICT_OBJC_MSGSEND = YES;
				ENABLE_USER_SCRIPT_SANDBOXING = YES;
				GCC_C_LANGUAGE_STANDARD = gnu17;
				GCC_NO_COMMON_BLOCKS = YES;
				GCC_WARN_64_TO_32_BIT_CONVERSION = YES;
				GCC_WARN_ABOUT_RETURN_TYPE = YES_ERROR;
				GCC_WARN_UNDECLARED_SELECTOR = YES;
				GCC_WARN_UNINITIALIZED_AUTOS = YES_AGGRESSIVE;
				GCC_WARN_UNUSED_FUNCTION = YES;
				GCC_WARN_UNUSED_VARIABLE = YES;
				IPHONEOS_DEPLOYMENT_TARGET = 17.0;
				LOCALIZATION_PREFERS_STRING_CATALOGS = YES;
				MTL_ENABLE_DEBUG_INFO = NO;
				MTL_FAST_MATH = YES;
				SDKROOT = iphoneos;
				SWIFT_COMPILATION_MODE = wholemodule;
				VALIDATE_PRODUCT = YES;
			};
			name = Release;
		};
		8DE96A3A2B1029CE001692E4 /* Debug */ = {
			isa = XCBuildConfiguration;
			buildSettings = {
				ASSETCATALOG_COMPILER_APPICON_NAME = AppIcon;
				ASSETCATALOG_COMPILER_GLOBAL_ACCENT_COLOR_NAME = AccentColor;
				CLANG_ENABLE_MODULES = YES;
				CODE_SIGN_STYLE = Automatic;
				CURRENT_PROJECT_VERSION = 1;
				DEVELOPMENT_ASSET_PATHS = "\"NumericalCMPT/Preview Content\"";
				ENABLE_PREVIEWS = YES;
				GENERATE_INFOPLIST_FILE = YES;
				INFOPLIST_KEY_UIApplicationSceneManifest_Generation = YES;
				INFOPLIST_KEY_UIApplicationSupportsIndirectInputEvents = YES;
				INFOPLIST_KEY_UILaunchScreen_Generation = YES;
				INFOPLIST_KEY_UISupportedInterfaceOrientations_iPad = "UIInterfaceOrientationPortrait UIInterfaceOrientationPortraitUpsideDown UIInterfaceOrientationLandscapeLeft UIInterfaceOrientationLandscapeRight";
				INFOPLIST_KEY_UISupportedInterfaceOrientations_iPhone = "UIInterfaceOrientationPortrait UIInterfaceOrientationLandscapeLeft UIInterfaceOrientationLandscapeRight";
				LD_RUNPATH_SEARCH_PATHS = (
					"$(inherited)",
					"@executable_path/Frameworks",
				);
				MARKETING_VERSION = 1.0;
				PRODUCT_BUNDLE_IDENTIFIER = RAHUL.NumericalCMPT;
				PRODUCT_NAME = "$(TARGET_NAME)";
				SWIFT_EMIT_LOC_STRINGS = YES;
				SWIFT_OBJC_BRIDGING_HEADER = "NumericalCMPT/NumericalCMPT-Bridging-Header.h";
				SWIFT_OPTIMIZATION_LEVEL = "-Onone";
				SWIFT_VERSION = 5.0;
				TARGETED_DEVICE_FAMILY = "1,2";
			};
			name = Debug;
		};
		8DE96A3B2B1029CE001692E4 /* Release */ = {
			isa = XCBuildConfiguration;
			buildSettings = {
				ASSETCATALOG_COMPILER_APPICON_NAME = AppIcon;
				ASSETCATALOG_COMPILER_GLOBAL_ACCENT_COLOR_NAME = AccentColor;
				CLANG_ENABLE_MODULES = YES;
				CODE_SIGN_STYLE = Automatic;
				CURRENT_PROJECT_VERSION = 1;
				DEVELOPMENT_ASSET_PATHS = "\"NumericalCMPT/Preview Content\"";
				ENABLE_PREVIEWS = YES;
				GENERATE_INFOPLIST_FILE = YES;
				INFOPLIST_KEY_UIApplicationSceneManifest_Generation = YES;
				INFOPLIST_KEY_UIApplicationSupportsIndirectInputEvents = YES;
				INFOPLIST_KEY_UILaunchScreen_Generation = YES;
				INFOPLIST_KEY_UISupportedInterfaceOrientations_iPad = "UIInterfaceOrientationPortrait UIInterfaceOrientationPortraitUpsideDown UIInterfaceOrientationLandscapeLeft UIInterfaceOrientationLandscapeRight";
				INFOPLIST_KEY_UISupportedInterfaceOrientations_iPhone = "UIInterfaceOrientationPortrait UIInterfaceOrientationLandscapeLeft UIInterfaceOrientationLandscapeRight";
				LD_RUNPATH_SEARCH_PATHS = (
					"$(inherited)",
					"@executable_path/Frameworks",
				);
				MARKETING_VERSION = 1.0;
				PRODUCT_BUNDLE_IDENTIFIER = RAHUL.NumericalCMPT;
				PRODUCT_NAME = "$(TARGET_NAME)";
				SWIFT_EMIT_LOC_STRINGS = YES;
				SWIFT_OBJC_BRIDGING_HEADER = "NumericalCMPT/NumericalCMPT-Bridging-Header.h";
				SWIFT_VERSION = 5.0;
				TARGETED_DEVICE_FAMILY = "1,2";
			};
			name = Release;
		};
		8DE96A3D2B1029CE001692E4 /* Debug */ = {
			isa = XCBuildConfiguration;
			buildSettings = {
				ALWAYS_EMBED_SWIFT_STANDARD_LIBRARIES = YES;
				BUNDLE_LOADER = "$(TEST_HOST)";
				CODE_SIGN_STYLE = Automatic;
				CURRENT_PROJECT_VERSION = 1;
				GENERATE_INFOPLIST_FILE = YES;
				IPHONEOS_DEPLOYMENT_TARGET = 17.0;
				MARKETING_VERSION = 1.0;
				PRODUCT_BUNDLE_IDENTIFIER = RAHUL.NumericalCMPTTests;
				PRODUCT_NAME = "$(TARGET_NAME)";
				SWIFT_EMIT_LOC_STRINGS = NO;
				SWIFT_VERSION = 5.0;
				TARGETED_DEVICE_FAMILY = "1,2";
				TEST_HOST = "$(BUILT_PRODUCTS_DIR)/NumericalCMPT.app/$(BUNDLE_EXECUTABLE_FOLDER_PATH)/NumericalCMPT";
			};
			name = Debug;
		};
		8DE96A3E2B1029CE001692E4 /* Release */ = {
			isa = XCBuildConfiguration;
			buildSettings = {
				ALWAYS_EMBED_SWIFT_STANDARD_LIBRARIES = YES;
				BUNDLE_LOADER = "$(TEST_HOST)";
				CODE_SIGN_STYLE = Automatic;
				CURRENT_PROJECT_VERSION = 1;
				GENERATE_INFOPLIST_FILE = YES;
				IPHONEOS_DEPLOYMENT_TARGET = 17.0;
				MARKETING_VERSION = 1.0;
				PRODUCT_BUNDLE_IDENTIFIER = RAHUL.NumericalCMPTTests;
				PRODUCT_NAME = "$(TARGET_NAME)";
				SWIFT_EMIT_LOC_STRINGS = NO;
				SWIFT_VERSION = 5.0;
				TARGETED_DEVICE_FAMILY = "1,2";
				TEST_HOST = "$(BUILT_PRODUCTS_DIR)/NumericalCMPT.app/$(BUNDLE_EXECUTABLE_FOLDER_PATH)/NumericalCMPT";
			};
			name = Release;
		};
		8DE96A402B1029CE001692E4 /* Debug */ = {
			isa = XCBuildConfiguration;
			buildSettings = {
				ALWAYS_EMBED_SWIFT_STANDARD_LIBRARIES = YES;
				CODE_SIGN_STYLE = Automatic;
				CURRENT_PROJECT_VERSION = 1;
				GENERATE_INFOPLIST_FILE = YES;
				MARKETING_VERSION = 1.0;
				PRODUCT_BUNDLE_IDENTIFIER = RAHUL.NumericalCMPTUITests;
				PRODUCT_NAME = "$(TARGET_NAME)";
				SWIFT_EMIT_LOC_STRINGS = NO;
				SWIFT_VERSION = 5.0;
				TARGETED_DEVICE_FAMILY = "1,2";
				TEST_TARGET_NAME = NumericalCMPT;
			};
			name = Debug;
		};
		8DE96A412B1029CE001692E4 /* Release */ = {
			isa = XCBuildConfiguration;
			buildSettings = {
				ALWAYS_EMBED_SWIFT_STANDARD_LIBRARIES = YES;
				CODE_SIGN_STYLE = Automatic;
				CURRENT_PROJECT_VERSION = 1;
				GENERATE_INFOPLIST_FILE = YES;
				MARKETING_VERSION = 1.0;
				PRODUCT_BUNDLE_IDENTIFIER = RAHUL.NumericalCMPTUITests;
				PRODUCT_NAME = "$(TARGET_NAME)";
				SWIFT_EMIT_LOC_STRINGS = NO;
				SWIFT_VERSION = 5.0;
				TARGETED_DEVICE_FAMILY = "1,2";
				TEST_TARGET_NAME = NumericalCMPT;
			};
			name = Release;
		};
/* End XCBuildConfiguration section */

/* Begin XCConfigurationList section */
		8DE96A102B1029CC001692E4 /* Build configuration list for PBXProject "NumericalCMPT" */ = {
			isa = XCConfigurationList;
			buildConfigurations = (
				8DE96A372B1029CE001692E4 /* Debug */,
				8DE96A382B1029CE001692E4 /* Release */,
			);
			defaultConfigurationIsVisible = 0;
			defaultConfigurationName = Release;
		};
		8DE96A392B1029CE001692E4 /* Build configuration list for PBXNativeTarget "NumericalCMPT" */ = {
			isa = XCConfigurationList;
			buildConfigurations = (
				8DE96A3A2B1029CE001692E4 /* Debug */,
				8DE96A3B2B1029CE001692E4 /* Release */,
			);
			defaultConfigurationIsVisible = 0;
			defaultConfigurationName = Release;
		};
		8DE96A3C2B1029CE001692E4 /* Build configuration list for PBXNativeTarget "NumericalCMPTTests" */ = {
			isa = XCConfigurationList;
			buildConfigurations = (
				8DE96A3D2B1029CE001692E4 /* Debug */,
				8DE96A3E2B1029CE001692E4 /* Release */,
			);
			defaultConfigurationIsVisible = 0;
			defaultConfigurationName = Release;
		};
		8DE96A3F2B1029CE001692E4 /* Build configuration list for PBXNativeTarget "NumericalCMPTUITests" */ = {
			isa = XCConfigurationList;
			buildConfigurations = (
				8DE96A402B1029CE001692E4 /* Debug */,
				8DE96A412B1029CE001692E4 /* Release */,
			);
			defaultConfigurationIsVisible = 0;
			defaultConfigurationName = Release;
		};
/* End XCConfigurationList section */
	};
	rootObject = 8DE96A0D2B1029CC001692E4 /* Project object */;
}
